{
  "nodes": {
    "app-daemon": {
      "inputs": {
        "nixpkgs": [
          "nixpkgs"
        ]
      },
      "locked": {
        "lastModified": 1787314197,
        "narHash": "sha256-+eaShDUpFqMF50bfaY8vGqDaMtPqbj2Yumbo128/+E4=",
        "ref": "main",
        "rev": "167e2101fd64dcf0c5d0ce37689492c4dcea729a",
        "revCount": 30,
        "type": "git",
        "url": "file:///home/laufan/Projects/app-daemon"
      },
      "original": {
        "ref": "main",
        "type": "git",
        "url": "file:///home/laufan/Projects/app-daemon"
      }
    },
    "aquamarine": {
      "inputs": {
        "hyprutils": [
          "hyprland-guiutils",
          "hyprutils"
        ],
        "hyprwayland-scanner": [
          "hyprland-guiutils",
          "hyprwayland-scanner"
        ],
        "nixpkgs": [
          "hyprland-guiutils",
          "nixpkgs"
        ],
        "systems": [
          "hyprland-guiutils",
          "systems"
        ]
      },
      "locked": {
        "lastModified": 1782073106,
        "narHash": "sha256-dnS5SaZlPqR1E0dPXaPc+lFkBwLUbAgbwsVMk7uA6dY=",
        "owner": "hyprwm",
        "repo": "aquamarine",
        "rev": "6d6e2384f381def4ea4ea81543cba4bbdac72457",
        "type": "github"
      },
      "original": {
        "owner": "hyprwm",
        "repo": "aquamarine",
        "type": "github"
      }
    },
    "bar-daemon": {
      "inputs": {
        "nixpkgs": [
          "nixpkgs"
        ]
      },
      "locked": {
        "lastModified": 1787320102,
        "narHash": "sha256-VLgyuMX7gwVzz+dUMaNo+Vf1cJDHazL75Quw8wdAcSo=",
        "ref": "main",
        "rev": "a59ebafbab9c9a1620d0c481d5b68f4b9e3091d2",
        "revCount": 36,
        "type": "git",
        "url": "file:///home/laufan/Projects/bar-daemon"
      },
      "original": {
        "ref": "main",
        "type": "git",
        "url": "file:///home/laufan/Projects/bar-daemon"
      }
    },
    "bt-daemon": {
      "inputs": {
        "nixpkgs": [
          "nixpkgs"
        ]
      },
      "locked": {
        "lastModified": 1786988625,
        "narHash": "sha256-PH3qe3Kk8Jr03d9QMXe3jzUTlY81bhZTDq66NWUV5pQ=",
        "ref": "main",
        "rev": "d564c11a12bbd262e078c545a3ac3c575b0520ca",
        "revCount": 57,
        "type": "git",
        "url": "file:///home/laufan/Projects/bt-daemon"
      },
      "original": {
        "ref": "main",
        "type": "git",
        "url": "file:///home/laufan/Projects/bt-daemon"
      }
    },
    "clip-daemon": {
      "inputs": {
        "nixpkgs": [
          "nixpkgs"
        ]
      },
      "locked": {
        "lastModified": 1786988729,
        "narHash": "sha256-7SPGNEeTsQ7CmY7bkLt6fuxd10mm4oe5SDfgDd2g/4Q=",
        "ref": "main",
        "rev": "e63249221d8252e995ecfd4af3d15725005ab366",
        "revCount": 52,
        "type": "git",
        "url": "file:///home/laufan/Projects/clip-daemon"
      },
      "original": {
        "ref": "main",
        "type": "git",
        "url": "file:///home/laufan/Projects/clip-daemon"
      }
    },
    "home-manager": {
      "inputs": {
        "nixpkgs": [
          "nixpkgs"
        ]
      },
      "locked": {
        "lastModified": 1784350909,
        "narHash": "sha256-ZWyzLbS1yKUTeFJLmdVuWNnHttL333/ldJbEE+KzCrM=",
        "owner": "nix-community",
        "repo": "home-manager",
        "rev": "4ce190229c73d44536caa7072f6308fb2d8feeb3",
        "type": "github"
      },
      "original": {
        "owner": "nix-community",
        "ref": "release-26.05",
        "repo": "home-manager",
        "type": "github"
      }
    },
    "hyprgraphics": {
      "inputs": {
        "hyprutils": [
          "hyprland-guiutils",
          "hyprutils"
        ],
        "nixpkgs": [
          "hyprland-guiutils",
          "nixpkgs"
        ],
        "systems": [
          "hyprland-guiutils",
          "systems"
        ]
      },
      "locked": {
        "lastModified": 1782311097,
        "narHash": "sha256-mfcLh1/ZXEhaHE5uNGCSjlmSSQSV14X9PRX/2Cu8YD8=",
        "owner": "hyprwm",
        "repo": "hyprgraphics",
        "rev": "090db94649f25b476918f8afcfd443c02cc0a4b9",
        "type": "github"
      },
      "original": {
        "owner": "hyprwm",
        "repo": "hyprgraphics",
        "type": "github"
      }
    },
    "hyprland-guiutils": {
      "inputs": {
        "aquamarine": "aquamarine",
        "hyprgraphics": "hyprgraphics",
        "hyprlang": "hyprlang",
        "hyprtoolkit": "hyprtoolkit",
        "hyprutils": "hyprutils",
        "hyprwayland-scanner": "hyprwayland-scanner",
        "nixpkgs": [
          "nixpkgs"
        ],
        "systems": "systems"
      },
      "locked": {
        "lastModified": 1784533903,
        "narHash": "sha256-Ee78BRFi+MrmgHmmW+2dZUEI1R3cssEzza0ar3fsNX8=",
        "owner": "hyprwm",
        "repo": "hyprland-guiutils",
        "rev": "a16ad89ed5fb4192c966018a80c652de8d96f748",
        "type": "github"
      },
      "original": {
        "owner": "hyprwm",
        "repo": "hyprland-guiutils",
        "type": "github"
      }
    },
    "hyprlang": {
      "inputs": {
        "hyprutils": [
          "hyprland-guiutils",
          "hyprutils"
        ],
        "nixpkgs": [
          "hyprland-guiutils",
          "nixpkgs"
        ],
        "systems": [
          "hyprland-guiutils",
          "systems"
        ]
      },
      "locked": {
        "lastModified": 1777320127,
        "narHash": "sha256-Qu+Wf2Bp5qUjyn2YpZNq8a7JyzTGowhT1knrwE38a9U=",
        "owner": "hyprwm",
        "repo": "hyprlang",
        "rev": "090117506ddc3d7f26e650ff344d378c2ec329cc",
        "type": "github"
      },
      "original": {
        "owner": "hyprwm",
        "repo": "hyprlang",
        "type": "github"
      }
    },
    "hyprtoolkit": {
      "inputs": {
        "aquamarine": [
          "hyprland-guiutils",
          "aquamarine"
        ],
        "hyprgraphics": [
          "hyprland-guiutils",
          "hyprgraphics"
        ],
        "hyprlang": [
          "hyprland-guiutils",
          "hyprlang"
        ],
        "hyprutils": [
          "hyprland-guiutils",
          "hyprutils"
        ],
        "hyprwayland-scanner": [
          "hyprland-guiutils",
          "hyprwayland-scanner"
        ],
        "nixpkgs": [
          "hyprland-guiutils",
          "nixpkgs"
        ],
        "systems": [
          "hyprland-guiutils",
          "systems"
        ]
      },
      "locked": {
        "lastModified": 1782554491,
        "narHash": "sha256-+p3MlyN/nqRefcf2IckPlGRUn9+hielqpS9XClbLleM=",
        "owner": "hyprwm",
        "repo": "hyprtoolkit",
        "rev": "bdba25ced39ea39ab004a8f31593ba0b0ff1ca35",
        "type": "github"
      },
      "original": {
        "owner": "hyprwm",
        "repo": "hyprtoolkit",
        "type": "github"
      }
    },
    "hyprutils": {
      "inputs": {
        "nixpkgs": [
          "hyprland-guiutils",
          "nixpkgs"
        ],
        "systems": [
          "hyprland-guiutils",
          "systems"
        ]
      },
      "locked": {
        "lastModified": 1782035033,
        "narHash": "sha256-pUtCphVzH1iNUTMGdJr4+e/yzUXA6/DZwsn+cyfIVJU=",
        "owner": "hyprwm",
        "repo": "hyprutils",
        "rev": "9d8bf6e810597152eef8906c670b96679af2faec",
        "type": "github"
      },
      "original": {
        "owner": "hyprwm",
        "repo": "hyprutils",
        "type": "github"
      }
    },
    "hyprwayland-scanner": {
      "inputs": {
        "nixpkgs": [
          "hyprland-guiutils",
          "nixpkgs"
        ],
        "systems": [
          "hyprland-guiutils",
          "systems"
        ]
      },
      "locked": {
        "lastModified": 1777159683,
        "narHash": "sha256-Jxixw6wZphUp+nHYxOKUYSckL17QMBx2d5Zp0rJHr1g=",
        "owner": "hyprwm",
        "repo": "hyprwayland-scanner",
        "rev": "b8632713a6beaf28b56f2a7b0ab2fb7088dbb404",
        "type": "github"
      },
      "original": {
        "owner": "hyprwm",
        "repo": "hyprwayland-scanner",
        "type": "github"
      }
    },
    "nixpkgs": {
      "locked": {
        "lastModified": 1784432872,
        "narHash": "sha256-n3gKTBIV4ZA5VQpUakffBe3KGu4+mhPoA34rrqS0GkA=",
        "owner": "NixOS",
        "repo": "nixpkgs",
        "rev": "fd1462031fdee08f65fd0b4c6b64e22239a77870",
        "type": "github"
      },
      "original": {
        "owner": "NixOS",
        "ref": "nixos-26.05",
        "repo": "nixpkgs",
        "type": "github"
      }
    },
    "nixpkgs-unstable": {
      "locked": {
        "lastModified": 1786719841,
        "narHash": "sha256-QcpQOT0NQEFkI77t+YXPZqDJc35iIodG7zinieOwFUg=",
        "owner": "NixOS",
        "repo": "nixpkgs",
        "rev": "8be7bd0c83f12e2e3bbba07c9044d6fed9e66f7f",
        "type": "github"
      },
      "original": {
        "owner": "NixOS",
        "ref": "nixpkgs-unstable",
        "repo": "nixpkgs",
        "type": "github"
      }
    },
    "nm-daemon": {
      "inputs": {
        "nixpkgs": [
          "nixpkgs"
        ]
      },
      "locked": {
        "lastModified": 1786988817,
        "narHash": "sha256-aWhvWg5l/geYzWOlBHU0xCpXFZQCr9T5H7WiW1iLX9E=",
        "ref": "main",
        "rev": "83994b0fbf8e2e98330e99fc7b907dd77e8a1b44",
        "revCount": 60,
        "type": "git",
        "url": "file:///home/laufan/Projects/nm-daemon"
      },
      "original": {
        "ref": "main",
        "type": "git",
        "url": "file:///home/laufan/Projects/nm-daemon"
      }
    },
    "root": {
      "inputs": {
        "app-daemon": "app-daemon",
        "bar-daemon": "bar-daemon",
        "bt-daemon": "bt-daemon",
        "clip-daemon": "clip-daemon",
        "home-manager": "home-manager",
        "hyprland-guiutils": "hyprland-guiutils",
        "nixpkgs": "nixpkgs",
        "nixpkgs-unstable": "nixpkgs-unstable",
        "nm-daemon": "nm-daemon",
        "scratchpad": "scratchpad",
        "shelllist": "shelllist",
        "sops-nix": "sops-nix",
        "ts-react-quality-lens": "ts-react-quality-lens",
        "zen-browser": "zen-browser"
      }
    },
    "scratchpad": {
      "inputs": {
        "nixpkgs": [
          "nixpkgs"
        ]
      },
      "locked": {
        "lastModified": 1787227151,
        "narHash": "sha256-WH8V1yaWfTXLU6LUiqFWSqzOftO0RKhakrisbcQeaf8=",
        "ref": "master",
        "rev": "d541f07fcdf524561106a97872c5f9c763fbe243",
        "revCount": 156,
        "type": "git",
        "url": "file:///home/laufan/Projects/scratchpad"
      },
      "original": {
        "ref": "master",
        "type": "git",
        "url": "file:///home/laufan/Projects/scratchpad"
      }
    },
    "shelllist": {
      "inputs": {
        "app-daemon": [
          "app-daemon"
        ],
        "bar-daemon": [
          "bar-daemon"
        ],
        "bt-daemon": [
          "bt-daemon"
        ],
        "clip-daemon": [
          "clip-daemon"
        ],
        "nixpkgs": [
          "nixpkgs"
        ],
        "nm-daemon": [
          "nm-daemon"
        ]
      },
      "locked": {
        "lastModified": 1787321464,
        "narHash": "sha256-XMuhFVL8cnG485OUcK98lFNH0fRgkPrB7AX4K086uJQ=",
        "ref": "main",
        "rev": "dda6d193ae2a7b201b9a8af71d2fef17a8d5b1ed",
        "revCount": 213,
        "type": "git",
        "url": "file:///home/laufan/Projects/shelllist"
      },
      "original": {
        "ref": "main",
        "type": "git",
        "url": "file:///home/laufan/Projects/shelllist"
      }
    },
    "sops-nix": {
      "inputs": {
        "nixpkgs": [
          "nixpkgs"
        ]
      },
      "locked": {
        "lastModified": 1783174389,
        "narHash": "sha256-aCWC8ngycU7OdJrU2+Je3qf+1a2ykuBvpPhZT/9tXMc=",
        "owner": "Mic92",
        "repo": "sops-nix",
        "rev": "f1406619a3884cd5c47992a70b8b35c9c0fcb4c9",
        "type": "github"
      },
      "original": {
        "owner": "Mic92",
        "repo": "sops-nix",
        "type": "github"
      }
    },
    "systems": {
      "locked": {
        "lastModified": 1689347949,
        "narHash": "sha256-12tWmuL2zgBgZkdoB6qXZsgJEH9LR3oUgpaQq2RbI80=",
        "owner": "nix-systems",
        "repo": "default-linux",
        "rev": "31732fcf5e8fea42e59c2488ad31a0e651500f68",
        "type": "github"
      },
      "original": {
        "owner": "nix-systems",
        "repo": "default-linux",
        "type": "github"
      }
    },
    "ts-react-quality-lens": {
      "inputs": {
        "nixpkgs": [
          "nixpkgs"
        ]
      },
      "locked": {
        "lastModified": 1784239364,
        "narHash": "sha256-yebVmDS1e24CPCoSJGxyHre1uyD2kecabAHUYmTYn9E=",
        "ref": "main",
        "rev": "4e1bc5544af5c931ac42c8cc9cc5ef9c495e80ce",
        "revCount": 6,
        "type": "git",
        "url": "file:///home/laufan/Projects/ts-react-quality-lens"
      },
      "original": {
        "ref": "main",
        "type": "git",
        "url": "file:///home/laufan/Projects/ts-react-quality-lens"
      }
    },
    "zen-browser": {
      "inputs": {
        "nixpkgs": [
          "nixpkgs"
        ]
      },
      "locked": {
        "lastModified": 1784354557,
        "narHash": "sha256-z2XthIV/68GNghbqmaPVrShPIfMPwpZKTA47REKC5bA=",
        "owner": "youwen5",
        "repo": "zen-browser-flake",
        "rev": "239dc504b56eabcfc1dce945e7e22ca99694be89",
        "type": "github"
      },
      "original": {
        "owner": "youwen5",
        "repo": "zen-browser-flake",
        "type": "github"
      }
    }
  },
  "root": "root",
  "version": 7
}
