{
  "nodes": {
    "app-daemon": {
      "inputs": {
        "daemonFramework": [
          "daemon-framework"
        ],
        "nixpkgs": [
          "nixpkgs"
        ]
      },
      "locked": {
        "lastModified": 1789564123,
        "narHash": "sha256-MuF+web21upL7k6eSJIOGLqIAsb7s+I2R+/rVcgCEH8=",
        "ref": "refs/heads/main",
        "rev": "fb801d99611ed09da75b36b9d5e50021f671bdf5",
        "revCount": 98,
        "type": "git",
        "url": "file:///home/laufan/Projects/app-daemon"
      },
      "original": {
        "type": "git",
        "url": "file:///home/laufan/Projects/app-daemon"
      }
    },
    "aquamarine": {
      "inputs": {
        "hyprutils": [
          "hyprland-guiutils",
          "hyprutils"
        ],
        "hyprwayland-scanner": [
          "hyprland-guiutils",
          "hyprwayland-scanner"
        ],
        "nixpkgs": [
          "hyprland-guiutils",
          "nixpkgs"
        ],
        "systems": [
          "hyprland-guiutils",
          "systems"
        ]
      },
      "locked": {
        "lastModified": 1782073106,
        "narHash": "sha256-dnS5SaZlPqR1E0dPXaPc+lFkBwLUbAgbwsVMk7uA6dY=",
        "owner": "hyprwm",
        "repo": "aquamarine",
        "rev": "6d6e2384f381def4ea4ea81543cba4bbdac72457",
        "type": "github"
      },
      "original": {
        "owner": "hyprwm",
        "repo": "aquamarine",
        "type": "github"
      }
    },
    "bar-daemon": {
      "inputs": {
        "daemonFramework": [
          "daemon-framework"
        ],
        "hyprlandIpc": [
          "shelllist-hyprland"
        ],
        "nixpkgs": [
          "nixpkgs"
        ]
      },
      "locked": {
        "lastModified": 1789564123,
        "narHash": "sha256-Mc4XYVVOJIisCnD9k8iEed63t53q8CH4LhIq5jMKr/Y=",
        "ref": "refs/heads/main",
        "rev": "c9877041fac932d073fbf9bb249eb824b76fd70b",
        "revCount": 111,
        "type": "git",
        "url": "file:///home/laufan/Projects/bar-daemon"
      },
      "original": {
        "type": "git",
        "url": "file:///home/laufan/Projects/bar-daemon"
      }
    },
    "bt-daemon": {
      "inputs": {
        "daemonFramework": [
          "daemon-framework"
        ],
        "nixpkgs": [
          "nixpkgs"
        ]
      },
      "locked": {
        "lastModified": 1789564123,
        "narHash": "sha256-/jmkUQ6Cn0+JEePfdqH81G2gQ9tzq8L6buC1YRHLjuo=",
        "ref": "refs/heads/main",
        "rev": "bfc2540f7ee80440ce1222ee8228b3a9bf7785be",
        "revCount": 112,
        "type": "git",
        "url": "file:///home/laufan/Projects/bt-daemon"
      },
      "original": {
        "type": "git",
        "url": "file:///home/laufan/Projects/bt-daemon"
      }
    },
    "clip-daemon": {
      "inputs": {
        "daemonFramework": [
          "daemon-framework"
        ],
        "nixpkgs": [
          "nixpkgs"
        ]
      },
      "locked": {
        "lastModified": 1789564123,
        "narHash": "sha256-jMPKBwqJZvoSdLfj/QukPOXLeZ2Bs7cQjkadv7IF4vg=",
        "ref": "refs/heads/main",
        "rev": "5c9321fd6a1eeabe54a6254473a2944c556e42fa",
        "revCount": 108,
        "type": "git",
        "url": "file:///home/laufan/Projects/clip-daemon"
      },
      "original": {
        "type": "git",
        "url": "file:///home/laufan/Projects/clip-daemon"
      }
    },
    "daemon-framework": {
      "inputs": {
        "nixpkgs": [
          "nixpkgs"
        ]
      },
      "locked": {
        "lastModified": 1789564123,
        "narHash": "sha256-ET1G2sLvqAYB1VWHPPmN7e6xTokfAJhMf7xFGiGYbwI=",
        "ref": "refs/heads/main",
        "rev": "b45f10db211a121e04bba12a8b5a1499cc34d7f8",
        "revCount": 37,
        "type": "git",
        "url": "file:///home/laufan/Projects/daemon-framework"
      },
      "original": {
        "type": "git",
        "url": "file:///home/laufan/Projects/daemon-framework"
      }
    },
    "home-manager": {
      "inputs": {
        "nixpkgs": [
          "nixpkgs"
        ]
      },
      "locked": {
        "lastModified": 1784350909,
        "narHash": "sha256-ZWyzLbS1yKUTeFJLmdVuWNnHttL333/ldJbEE+KzCrM=",
        "owner": "nix-community",
        "repo": "home-manager",
        "rev": "4ce190229c73d44536caa7072f6308fb2d8feeb3",
        "type": "github"
      },
      "original": {
        "owner": "nix-community",
        "ref": "release-26.05",
        "repo": "home-manager",
        "type": "github"
      }
    },
    "hyprgraphics": {
      "inputs": {
        "hyprutils": [
          "hyprland-guiutils",
          "hyprutils"
        ],
        "nixpkgs": [
          "hyprland-guiutils",
          "nixpkgs"
        ],
        "systems": [
          "hyprland-guiutils",
          "systems"
        ]
      },
      "locked": {
        "lastModified": 1782311097,
        "narHash": "sha256-mfcLh1/ZXEhaHE5uNGCSjlmSSQSV14X9PRX/2Cu8YD8=",
        "owner": "hyprwm",
        "repo": "hyprgraphics",
        "rev": "090db94649f25b476918f8afcfd443c02cc0a4b9",
        "type": "github"
      },
      "original": {
        "owner": "hyprwm",
        "repo": "hyprgraphics",
        "type": "github"
      }
    },
    "hyprland-guiutils": {
      "inputs": {
        "aquamarine": "aquamarine",
        "hyprgraphics": "hyprgraphics",
        "hyprlang": "hyprlang",
        "hyprtoolkit": "hyprtoolkit",
        "hyprutils": "hyprutils",
        "hyprwayland-scanner": "hyprwayland-scanner",
        "nixpkgs": [
          "nixpkgs"
        ],
        "systems": "systems"
      },
      "locked": {
        "lastModified": 1784533903,
        "narHash": "sha256-Ee78BRFi+MrmgHmmW+2dZUEI1R3cssEzza0ar3fsNX8=",
        "owner": "hyprwm",
        "repo": "hyprland-guiutils",
        "rev": "a16ad89ed5fb4192c966018a80c652de8d96f748",
        "type": "github"
      },
      "original": {
        "owner": "hyprwm",
        "repo": "hyprland-guiutils",
        "type": "github"
      }
    },
    "hyprlang": {
      "inputs": {
        "hyprutils": [
          "hyprland-guiutils",
          "hyprutils"
        ],
        "nixpkgs": [
          "hyprland-guiutils",
          "nixpkgs"
        ],
        "systems": [
          "hyprland-guiutils",
          "systems"
        ]
      },
      "locked": {
        "lastModified": 1777320127,
        "narHash": "sha256-Qu+Wf2Bp5qUjyn2YpZNq8a7JyzTGowhT1knrwE38a9U=",
        "owner": "hyprwm",
        "repo": "hyprlang",
        "rev": "090117506ddc3d7f26e650ff344d378c2ec329cc",
        "type": "github"
      },
      "original": {
        "owner": "hyprwm",
        "repo": "hyprlang",
        "type": "github"
      }
    },
    "hyprtoolkit": {
      "inputs": {
        "aquamarine": [
          "hyprland-guiutils",
          "aquamarine"
        ],
        "hyprgraphics": [
          "hyprland-guiutils",
          "hyprgraphics"
        ],
        "hyprlang": [
          "hyprland-guiutils",
          "hyprlang"
        ],
        "hyprutils": [
          "hyprland-guiutils",
          "hyprutils"
        ],
        "hyprwayland-scanner": [
          "hyprland-guiutils",
          "hyprwayland-scanner"
        ],
        "nixpkgs": [
          "hyprland-guiutils",
          "nixpkgs"
        ],
        "systems": [
          "hyprland-guiutils",
          "systems"
        ]
      },
      "locked": {
        "lastModified": 1782554491,
        "narHash": "sha256-+p3MlyN/nqRefcf2IckPlGRUn9+hielqpS9XClbLleM=",
        "owner": "hyprwm",
        "repo": "hyprtoolkit",
        "rev": "bdba25ced39ea39ab004a8f31593ba0b0ff1ca35",
        "type": "github"
      },
      "original": {
        "owner": "hyprwm",
        "repo": "hyprtoolkit",
        "type": "github"
      }
    },
    "hyprutils": {
      "inputs": {
        "nixpkgs": [
          "hyprland-guiutils",
          "nixpkgs"
        ],
        "systems": [
          "hyprland-guiutils",
          "systems"
        ]
      },
      "locked": {
        "lastModified": 1782035033,
        "narHash": "sha256-pUtCphVzH1iNUTMGdJr4+e/yzUXA6/DZwsn+cyfIVJU=",
        "owner": "hyprwm",
        "repo": "hyprutils",
        "rev": "9d8bf6e810597152eef8906c670b96679af2faec",
        "type": "github"
      },
      "original": {
        "owner": "hyprwm",
        "repo": "hyprutils",
        "type": "github"
      }
    },
    "hyprwayland-scanner": {
      "inputs": {
        "nixpkgs": [
          "hyprland-guiutils",
          "nixpkgs"
        ],
        "systems": [
          "hyprland-guiutils",
          "systems"
        ]
      },
      "locked": {
        "lastModified": 1777159683,
        "narHash": "sha256-Jxixw6wZphUp+nHYxOKUYSckL17QMBx2d5Zp0rJHr1g=",
        "owner": "hyprwm",
        "repo": "hyprwayland-scanner",
        "rev": "b8632713a6beaf28b56f2a7b0ab2fb7088dbb404",
        "type": "github"
      },
      "original": {
        "owner": "hyprwm",
        "repo": "hyprwayland-scanner",
        "type": "github"
      }
    },
    "nixpkgs": {
      "locked": {
        "lastModified": 1784432872,
        "narHash": "sha256-n3gKTBIV4ZA5VQpUakffBe3KGu4+mhPoA34rrqS0GkA=",
        "owner": "NixOS",
        "repo": "nixpkgs",
        "rev": "fd1462031fdee08f65fd0b4c6b64e22239a77870",
        "type": "github"
      },
      "original": {
        "owner": "NixOS",
        "ref": "nixos-26.05",
        "repo": "nixpkgs",
        "type": "github"
      }
    },
    "nixpkgs-display": {
      "locked": {
        "lastModified": 1790046670,
        "narHash": "sha256-MYiI+CzL0tuWgRPjGsKCDHqYs2T3OzMlMQWOYWG0qso=",
        "owner": "NixOS",
        "repo": "nixpkgs",
        "rev": "6774f7bc253789b113a4f39285dc0fa100abeacc",
        "type": "github"
      },
      "original": {
        "owner": "NixOS",
        "ref": "nixos-unstable",
        "repo": "nixpkgs",
        "type": "github"
      }
    },
    "nixpkgs-unstable": {
      "locked": {
        "lastModified": 1786719841,
        "narHash": "sha256-QcpQOT0NQEFkI77t+YXPZqDJc35iIodG7zinieOwFUg=",
        "owner": "NixOS",
        "repo": "nixpkgs",
        "rev": "8be7bd0c83f12e2e3bbba07c9044d6fed9e66f7f",
        "type": "github"
      },
      "original": {
        "owner": "NixOS",
        "ref": "nixpkgs-unstable",
        "repo": "nixpkgs",
        "type": "github"
      }
    },
    "nm-daemon": {
      "inputs": {
        "daemonFramework": [
          "daemon-framework"
        ],
        "nixpkgs": [
          "nixpkgs"
        ]
      },
      "locked": {
        "lastModified": 1789564123,
        "narHash": "sha256-CtdYhN0XENS5GgujWPaufw/ZcsQpviistVeFPce6WFo=",
        "ref": "refs/heads/main",
        "rev": "494d6e534fc1b94c17721dc46d16307ba44ceb40",
        "revCount": 134,
        "type": "git",
        "url": "file:///home/laufan/Projects/nm-daemon"
      },
      "original": {
        "type": "git",
        "url": "file:///home/laufan/Projects/nm-daemon"
      }
    },
    "root": {
      "inputs": {
        "app-daemon": "app-daemon",
        "bar-daemon": "bar-daemon",
        "bt-daemon": "bt-daemon",
        "clip-daemon": "clip-daemon",
        "daemon-framework": "daemon-framework",
        "home-manager": "home-manager",
        "hyprland-guiutils": "hyprland-guiutils",
        "nixpkgs": "nixpkgs",
        "nixpkgs-display": "nixpkgs-display",
        "nixpkgs-unstable": "nixpkgs-unstable",
        "nm-daemon": "nm-daemon",
        "scratchpad": "scratchpad",
        "shelllist": "shelllist",
        "shelllist-hyprland": "shelllist-hyprland",
        "sops-nix": "sops-nix",
        "ts-react-quality-lens": "ts-react-quality-lens",
        "zen-browser": "zen-browser"
      }
    },
    "scratchpad": {
      "inputs": {
        "nixpkgs": [
          "nixpkgs"
        ]
      },
      "locked": {
        "lastModified": 1789249896,
        "narHash": "sha256-J4fiMQerzahdGliiDEk57nXZVvk1vUP7Gil0vNOLn6U=",
        "ref": "refs/heads/master",
        "rev": "0b4faa6bcc6a8f648bd976ee77ea60752c9fd595",
        "revCount": 176,
        "type": "git",
        "url": "file:///home/laufan/Projects/scratchpad"
      },
      "original": {
        "type": "git",
        "url": "file:///home/laufan/Projects/scratchpad"
      }
    },
    "shelllist": {
      "inputs": {
        "app-daemon": [
          "app-daemon"
        ],
        "bar-daemon": [
          "bar-daemon"
        ],
        "bt-daemon": [
          "bt-daemon"
        ],
        "clip-daemon": [
          "clip-daemon"
        ],
        "daemon-framework": [
          "daemon-framework"
        ],
        "nixpkgs": [
          "nixpkgs"
        ],
        "nm-daemon": [
          "nm-daemon"
        ],
        "shelllist-hyprland": [
          "shelllist-hyprland"
        ]
      },
      "locked": {
        "lastModified": 1789564123,
        "narHash": "sha256-T9FBK2fTdMFHWyLpXaT/K/4I0Jk+dp+wz0/Tg1nZn/8=",
        "ref": "refs/heads/main",
        "rev": "11c862d3de39075157b79a45462d939eb8eb2119",
        "revCount": 436,
        "type": "git",
        "url": "file:///home/laufan/Projects/shelllist"
      },
      "original": {
        "type": "git",
        "url": "file:///home/laufan/Projects/shelllist"
      }
    },
    "shelllist-hyprland": {
      "inputs": {
        "nixpkgs": [
          "nixpkgs"
        ]
      },
      "locked": {
        "lastModified": 1789429383,
        "narHash": "sha256-FSIeEuNTNrzWqCE6UgIJs2HDwHh+skr1dVj2M2IacYo=",
        "ref": "refs/heads/main",
        "rev": "61376dd84a0a8f5edef2da02b11b36cd0e3edbf4",
        "revCount": 4,
        "type": "git",
        "url": "file:///home/laufan/Projects/shelllist-hyprland"
      },
      "original": {
        "type": "git",
        "url": "file:///home/laufan/Projects/shelllist-hyprland"
      }
    },
    "sops-nix": {
      "inputs": {
        "nixpkgs": [
          "nixpkgs"
        ]
      },
      "locked": {
        "lastModified": 1783174389,
        "narHash": "sha256-aCWC8ngycU7OdJrU2+Je3qf+1a2ykuBvpPhZT/9tXMc=",
        "owner": "Mic92",
        "repo": "sops-nix",
        "rev": "f1406619a3884cd5c47992a70b8b35c9c0fcb4c9",
        "type": "github"
      },
      "original": {
        "owner": "Mic92",
        "repo": "sops-nix",
        "type": "github"
      }
    },
    "systems": {
      "locked": {
        "lastModified": 1689347949,
        "narHash": "sha256-12tWmuL2zgBgZkdoB6qXZsgJEH9LR3oUgpaQq2RbI80=",
        "owner": "nix-systems",
        "repo": "default-linux",
        "rev": "31732fcf5e8fea42e59c2488ad31a0e651500f68",
        "type": "github"
      },
      "original": {
        "owner": "nix-systems",
        "repo": "default-linux",
        "type": "github"
      }
    },
    "ts-react-quality-lens": {
      "inputs": {
        "nixpkgs": [
          "nixpkgs"
        ]
      },
      "locked": {
        "lastModified": 1789562401,
        "narHash": "sha256-mZvUYOkKfeTuiqpG5ZlWwTJkIFi8cd4EquQly0GC/5A=",
        "ref": "refs/heads/main",
        "rev": "c9e853ffe256cd04c5e6b0e2383615882d3056ae",
        "revCount": 32,
        "type": "git",
        "url": "file:///home/laufan/Projects/ts-react-quality-lens"
      },
      "original": {
        "type": "git",
        "url": "file:///home/laufan/Projects/ts-react-quality-lens"
      }
    },
    "zen-browser": {
      "inputs": {
        "nixpkgs": [
          "nixpkgs"
        ]
      },
      "locked": {
        "lastModified": 1784354557,
        "narHash": "sha256-z2XthIV/68GNghbqmaPVrShPIfMPwpZKTA47REKC5bA=",
        "owner": "youwen5",
        "repo": "zen-browser-flake",
        "rev": "239dc504b56eabcfc1dce945e7e22ca99694be89",
        "type": "github"
      },
      "original": {
        "owner": "youwen5",
        "repo": "zen-browser-flake",
        "type": "github"
      }
    }
  },
  "root": "root",
  "version": 7
}
